// !$*UTF8*$!
{
	archiveVersion = 1;
	classes = {
	};
	objectVersion = 46;
	objects = {

/* Begin PBXBuildFile section */
		42214FFF1E88158F0011C565 /* JsonModelTest.swift in Sources */ = {isa = PBXBuildFile; fileRef = 42214FFE1E88158F0011C565 /* JsonModelTest.swift */; };
		422150031E9274510011C565 /* PersonTest.swift in Sources */ = {isa = PBXBuildFile; fileRef = 422150021E9274510011C565 /* PersonTest.swift */; };
		4297F5F71EABC37D004204CD /* BusinessService.swift in Sources */ = {isa = PBXBuildFile; fileRef = 4297F5F31EABC37D004204CD /* BusinessService.swift */; };
		4297F5F81EABC37D004204CD /* RealmServices.swift in Sources */ = {isa = PBXBuildFile; fileRef = 4297F5F41EABC37D004204CD /* RealmServices.swift */; };
		4297F5F91EABC37D004204CD /* ExportServices.swift in Sources */ = {isa = PBXBuildFile; fileRef = 4297F5F51EABC37D004204CD /* ExportServices.swift */; };
		4297F5FA1EABC37D004204CD /* FileServices.swift in Sources */ = {isa = PBXBuildFile; fileRef = 4297F5F61EABC37D004204CD /* FileServices.swift */; };
		4297F5FD1EABC386004204CD /* Person.swift in Sources */ = {isa = PBXBuildFile; fileRef = 4297F5FB1EABC386004204CD /* Person.swift */; };
		4297F5FE1EABC386004204CD /* Attribute.swift in Sources */ = {isa = PBXBuildFile; fileRef = 4297F5FC1EABC386004204CD /* Attribute.swift */; };
		4297F6041EABC412004204CD /* Realm.framework in Frameworks */ = {isa = PBXBuildFile; fileRef = 4297F6001EABC405004204CD /* Realm.framework */; };
		4297F6051EABC412004204CD /* Realm.framework in Embed Frameworks */ = {isa = PBXBuildFile; fileRef = 4297F6001EABC405004204CD /* Realm.framework */; settings = {ATTRIBUTES = (CodeSignOnCopy, RemoveHeadersOnCopy, ); }; };
		4297F6061EABC412004204CD /* RealmSwift.framework in Frameworks */ = {isa = PBXBuildFile; fileRef = 4297F6011EABC405004204CD /* RealmSwift.framework */; };
		4297F6071EABC412004204CD /* RealmSwift.framework in Embed Frameworks */ = {isa = PBXBuildFile; fileRef = 4297F6011EABC405004204CD /* RealmSwift.framework */; settings = {ATTRIBUTES = (CodeSignOnCopy, RemoveHeadersOnCopy, ); }; };
		42AD2D2D1EABE8F200F2C00A /* DateUtils.swift in Sources */ = {isa = PBXBuildFile; fileRef = 42AD2D2C1EABE8F200F2C00A /* DateUtils.swift */; };
		42AFEF1E1E7EA003001587DA /* JsonModel.swift in Sources */ = {isa = PBXBuildFile; fileRef = 42AFEF1D1E7EA003001587DA /* JsonModel.swift */; };
		42AFEF201E87C617001587DA /* JsonModel_params.swift in Sources */ = {isa = PBXBuildFile; fileRef = 42AFEF1F1E87C617001587DA /* JsonModel_params.swift */; };
		42AFEF221E87F7FD001587DA /* JsonModel_offers.swift in Sources */ = {isa = PBXBuildFile; fileRef = 42AFEF211E87F7FD001587DA /* JsonModel_offers.swift */; };
		42AFEF241E87FA65001587DA /* JsonModel_fields.swift in Sources */ = {isa = PBXBuildFile; fileRef = 42AFEF231E87FA65001587DA /* JsonModel_fields.swift */; };
		42AFEF261E880004001587DA /* JsonModel_features.swift in Sources */ = {isa = PBXBuildFile; fileRef = 42AFEF251E880004001587DA /* JsonModel_features.swift */; };
		42B57DC31EB0ADF0009EB0F1 /* ResultatViewController.swift in Sources */ = {isa = PBXBuildFile; fileRef = 42B57DC11EB0ADF0009EB0F1 /* ResultatViewController.swift */; };
		42B57DC41EB0ADF0009EB0F1 /* ResultatViewController.xib in Resources */ = {isa = PBXBuildFile; fileRef = 42B57DC21EB0ADF0009EB0F1 /* ResultatViewController.xib */; };
		42B57DC71EB0AFDB009EB0F1 /* CustomCell.swift in Sources */ = {isa = PBXBuildFile; fileRef = 42B57DC51EB0AFDB009EB0F1 /* CustomCell.swift */; };
		42B57DC81EB0AFDB009EB0F1 /* CustomCell.xib in Resources */ = {isa = PBXBuildFile; fileRef = 42B57DC61EB0AFDB009EB0F1 /* CustomCell.xib */; };
		906274861EAE3A6900E09E57 /* SetupViewController.swift in Sources */ = {isa = PBXBuildFile; fileRef = 906274821EAE3A6900E09E57 /* SetupViewController.swift */; };
		906274871EAE3A6900E09E57 /* SetupViewController.xib in Resources */ = {isa = PBXBuildFile; fileRef = 906274831EAE3A6900E09E57 /* SetupViewController.xib */; };
		9062748C1EAE3A7100E09E57 /* AccueilViewController.swift in Sources */ = {isa = PBXBuildFile; fileRef = 906274881EAE3A7100E09E57 /* AccueilViewController.swift */; };
		9062748D1EAE3A7100E09E57 /* AccueilViewController.xib in Resources */ = {isa = PBXBuildFile; fileRef = 906274891EAE3A7100E09E57 /* AccueilViewController.xib */; };
		9062748E1EAE3A7100E09E57 /* AideViewController.swift in Sources */ = {isa = PBXBuildFile; fileRef = 9062748A1EAE3A7100E09E57 /* AideViewController.swift */; };
		9062748F1EAE3A7100E09E57 /* AideViewController.xib in Resources */ = {isa = PBXBuildFile; fileRef = 9062748B1EAE3A7100E09E57 /* AideViewController.xib */; };
		B51EFB821E65673200C3CC90 /* testFile.json in Resources */ = {isa = PBXBuildFile; fileRef = B51EFB811E65673200C3CC90 /* testFile.json */; };
		B51EFB841E6569A800C3CC90 /* exampleJSON1.json in Resources */ = {isa = PBXBuildFile; fileRef = B51EFB831E6569A800C3CC90 /* exampleJSON1.json */; };
		B51EFB871E65874600C3CC90 /* JSONUtils.swift in Sources */ = {isa = PBXBuildFile; fileRef = B51EFB861E65874600C3CC90 /* JSONUtils.swift */; };
		B52CE2131E3756B900EC68E5 /* AppDelegate.swift in Sources */ = {isa = PBXBuildFile; fileRef = B52CE2121E3756B900EC68E5 /* AppDelegate.swift */; };
		B52CE2151E3756B900EC68E5 /* ViewController.swift in Sources */ = {isa = PBXBuildFile; fileRef = B52CE2141E3756B900EC68E5 /* ViewController.swift */; };
		B52CE2181E3756B900EC68E5 /* Main.storyboard in Resources */ = {isa = PBXBuildFile; fileRef = B52CE2161E3756B900EC68E5 /* Main.storyboard */; };
		B52CE21A1E3756B900EC68E5 /* Assets.xcassets in Resources */ = {isa = PBXBuildFile; fileRef = B52CE2191E3756B900EC68E5 /* Assets.xcassets */; };
		B52CE21D1E3756B900EC68E5 /* LaunchScreen.storyboard in Resources */ = {isa = PBXBuildFile; fileRef = B52CE21B1E3756B900EC68E5 /* LaunchScreen.storyboard */; };
		B52CE2281E3756BA00EC68E5 /* DemoTests.swift in Sources */ = {isa = PBXBuildFile; fileRef = B52CE2271E3756BA00EC68E5 /* DemoTests.swift */; };
		B52CE2331E3756BA00EC68E5 /* DemoUITests.swift in Sources */ = {isa = PBXBuildFile; fileRef = B52CE2321E3756BA00EC68E5 /* DemoUITests.swift */; };
		B52CE2411E49C66C00EC68E5 /* StructTest.swift in Sources */ = {isa = PBXBuildFile; fileRef = B52CE2401E49C66C00EC68E5 /* StructTest.swift */; };
		B58540221E76D24A00C7A698 /* ICloudService.swift in Sources */ = {isa = PBXBuildFile; fileRef = B58540211E76D24A00C7A698 /* ICloudService.swift */; };
/* End PBXBuildFile section */

/* Begin PBXContainerItemProxy section */
		B52CE2241E3756BA00EC68E5 /* PBXContainerItemProxy */ = {
			isa = PBXContainerItemProxy;
			containerPortal = B52CE2071E3756B900EC68E5 /* Project object */;
			proxyType = 1;
			remoteGlobalIDString = B52CE20E1E3756B900EC68E5;
			remoteInfo = Demo;
		};
		B52CE22F1E3756BA00EC68E5 /* PBXContainerItemProxy */ = {
			isa = PBXContainerItemProxy;
			containerPortal = B52CE2071E3756B900EC68E5 /* Project object */;
			proxyType = 1;
			remoteGlobalIDString = B52CE20E1E3756B900EC68E5;
			remoteInfo = Demo;
		};
/* End PBXContainerItemProxy section */

/* Begin PBXCopyFilesBuildPhase section */
		B5BC80E81E65F35A006AF92F /* Embed Frameworks */ = {
			isa = PBXCopyFilesBuildPhase;
			buildActionMask = 2147483647;
			dstPath = "";
			dstSubfolderSpec = 10;
			files = (
				4297F6071EABC412004204CD /* RealmSwift.framework in Embed Frameworks */,
				4297F6051EABC412004204CD /* Realm.framework in Embed Frameworks */,
			);
			name = "Embed Frameworks";
			runOnlyForDeploymentPostprocessing = 0;
		};
/* End PBXCopyFilesBuildPhase section */

/* Begin PBXFileReference section */
		42214FFE1E88158F0011C565 /* JsonModelTest.swift */ = {isa = PBXFileReference; fileEncoding = 4; lastKnownFileType = sourcecode.swift; path = JsonModelTest.swift; sourceTree = "<group>"; };
		422150021E9274510011C565 /* PersonTest.swift */ = {isa = PBXFileReference; fileEncoding = 4; lastKnownFileType = sourcecode.swift; path = PersonTest.swift; sourceTree = "<group>"; };
		4297F5F31EABC37D004204CD /* BusinessService.swift */ = {isa = PBXFileReference; fileEncoding = 4; lastKnownFileType = sourcecode.swift; path = BusinessService.swift; sourceTree = "<group>"; };
		4297F5F41EABC37D004204CD /* RealmServices.swift */ = {isa = PBXFileReference; fileEncoding = 4; lastKnownFileType = sourcecode.swift; path = RealmServices.swift; sourceTree = "<group>"; };
		4297F5F51EABC37D004204CD /* ExportServices.swift */ = {isa = PBXFileReference; fileEncoding = 4; lastKnownFileType = sourcecode.swift; path = ExportServices.swift; sourceTree = "<group>"; };
		4297F5F61EABC37D004204CD /* FileServices.swift */ = {isa = PBXFileReference; fileEncoding = 4; lastKnownFileType = sourcecode.swift; path = FileServices.swift; sourceTree = "<group>"; };
		4297F5FB1EABC386004204CD /* Person.swift */ = {isa = PBXFileReference; fileEncoding = 4; lastKnownFileType = sourcecode.swift; path = Person.swift; sourceTree = "<group>"; };
		4297F5FC1EABC386004204CD /* Attribute.swift */ = {isa = PBXFileReference; fileEncoding = 4; lastKnownFileType = sourcecode.swift; path = Attribute.swift; sourceTree = "<group>"; };
		4297F6001EABC405004204CD /* Realm.framework */ = {isa = PBXFileReference; lastKnownFileType = wrapper.framework; path = Realm.framework; sourceTree = "<group>"; };
		4297F6011EABC405004204CD /* RealmSwift.framework */ = {isa = PBXFileReference; lastKnownFileType = wrapper.framework; path = RealmSwift.framework; sourceTree = "<group>"; };
		42AD2D2C1EABE8F200F2C00A /* DateUtils.swift */ = {isa = PBXFileReference; fileEncoding = 4; lastKnownFileType = sourcecode.swift; path = DateUtils.swift; sourceTree = "<group>"; };
		42AFEF1D1E7EA003001587DA /* JsonModel.swift */ = {isa = PBXFileReference; fileEncoding = 4; lastKnownFileType = sourcecode.swift; path = JsonModel.swift; sourceTree = "<group>"; };
		42AFEF1F1E87C617001587DA /* JsonModel_params.swift */ = {isa = PBXFileReference; fileEncoding = 4; lastKnownFileType = sourcecode.swift; path = JsonModel_params.swift; sourceTree = "<group>"; };
		42AFEF211E87F7FD001587DA /* JsonModel_offers.swift */ = {isa = PBXFileReference; fileEncoding = 4; lastKnownFileType = sourcecode.swift; path = JsonModel_offers.swift; sourceTree = "<group>"; };
		42AFEF231E87FA65001587DA /* JsonModel_fields.swift */ = {isa = PBXFileReference; fileEncoding = 4; lastKnownFileType = sourcecode.swift; path = JsonModel_fields.swift; sourceTree = "<group>"; };
		42AFEF251E880004001587DA /* JsonModel_features.swift */ = {isa = PBXFileReference; fileEncoding = 4; lastKnownFileType = sourcecode.swift; path = JsonModel_features.swift; sourceTree = "<group>"; };
		42B57DC11EB0ADF0009EB0F1 /* ResultatViewController.swift */ = {isa = PBXFileReference; fileEncoding = 4; lastKnownFileType = sourcecode.swift; path = ResultatViewController.swift; sourceTree = "<group>"; };
		42B57DC21EB0ADF0009EB0F1 /* ResultatViewController.xib */ = {isa = PBXFileReference; fileEncoding = 4; lastKnownFileType = file.xib; path = ResultatViewController.xib; sourceTree = "<group>"; };
		42B57DC51EB0AFDB009EB0F1 /* CustomCell.swift */ = {isa = PBXFileReference; fileEncoding = 4; lastKnownFileType = sourcecode.swift; path = CustomCell.swift; sourceTree = "<group>"; };
		42B57DC61EB0AFDB009EB0F1 /* CustomCell.xib */ = {isa = PBXFileReference; fileEncoding = 4; lastKnownFileType = file.xib; path = CustomCell.xib; sourceTree = "<group>"; };
		906274821EAE3A6900E09E57 /* SetupViewController.swift */ = {isa = PBXFileReference; fileEncoding = 4; lastKnownFileType = sourcecode.swift; path = SetupViewController.swift; sourceTree = "<group>"; };
		906274831EAE3A6900E09E57 /* SetupViewController.xib */ = {isa = PBXFileReference; fileEncoding = 4; lastKnownFileType = file.xib; path = SetupViewController.xib; sourceTree = "<group>"; };
		906274881EAE3A7100E09E57 /* AccueilViewController.swift */ = {isa = PBXFileReference; fileEncoding = 4; lastKnownFileType = sourcecode.swift; path = AccueilViewController.swift; sourceTree = "<group>"; };
		906274891EAE3A7100E09E57 /* AccueilViewController.xib */ = {isa = PBXFileReference; fileEncoding = 4; lastKnownFileType = file.xib; path = AccueilViewController.xib; sourceTree = "<group>"; };
		9062748A1EAE3A7100E09E57 /* AideViewController.swift */ = {isa = PBXFileReference; fileEncoding = 4; lastKnownFileType = sourcecode.swift; path = AideViewController.swift; sourceTree = "<group>"; };
		9062748B1EAE3A7100E09E57 /* AideViewController.xib */ = {isa = PBXFileReference; fileEncoding = 4; lastKnownFileType = file.xib; path = AideViewController.xib; sourceTree = "<group>"; };
		B51EFB811E65673200C3CC90 /* testFile.json */ = {isa = PBXFileReference; fileEncoding = 4; lastKnownFileType = text.json; name = testFile.json; path = Demo/testFile.json; sourceTree = "<group>"; };
		B51EFB831E6569A800C3CC90 /* exampleJSON1.json */ = {isa = PBXFileReference; fileEncoding = 4; lastKnownFileType = text.json; name = exampleJSON1.json; path = Demo/exampleJSON1.json; sourceTree = "<group>"; };
		B51EFB861E65874600C3CC90 /* JSONUtils.swift */ = {isa = PBXFileReference; fileEncoding = 4; lastKnownFileType = sourcecode.swift; path = JSONUtils.swift; sourceTree = "<group>"; };
		B52CE20F1E3756B900EC68E5 /* Demo.app */ = {isa = PBXFileReference; explicitFileType = wrapper.application; includeInIndex = 0; path = Demo.app; sourceTree = BUILT_PRODUCTS_DIR; };
		B52CE2121E3756B900EC68E5 /* AppDelegate.swift */ = {isa = PBXFileReference; lastKnownFileType = sourcecode.swift; path = AppDelegate.swift; sourceTree = "<group>"; };
		B52CE2141E3756B900EC68E5 /* ViewController.swift */ = {isa = PBXFileReference; fileEncoding = 4; lastKnownFileType = sourcecode.swift; path = ViewController.swift; sourceTree = "<group>"; };
		B52CE2171E3756B900EC68E5 /* Base */ = {isa = PBXFileReference; lastKnownFileType = file.storyboard; name = Base; path = Base.lproj/Main.storyboard; sourceTree = "<group>"; };
		B52CE2191E3756B900EC68E5 /* Assets.xcassets */ = {isa = PBXFileReference; lastKnownFileType = folder.assetcatalog; path = Assets.xcassets; sourceTree = "<group>"; };
		B52CE21C1E3756B900EC68E5 /* Base */ = {isa = PBXFileReference; lastKnownFileType = file.storyboard; name = Base; path = Base.lproj/LaunchScreen.storyboard; sourceTree = "<group>"; };
		B52CE21E1E3756B900EC68E5 /* Info.plist */ = {isa = PBXFileReference; lastKnownFileType = text.plist.xml; path = Info.plist; sourceTree = "<group>"; };
		B52CE2231E3756BA00EC68E5 /* DemoTests.xctest */ = {isa = PBXFileReference; explicitFileType = wrapper.cfbundle; includeInIndex = 0; path = DemoTests.xctest; sourceTree = BUILT_PRODUCTS_DIR; };
		B52CE2271E3756BA00EC68E5 /* DemoTests.swift */ = {isa = PBXFileReference; lastKnownFileType = sourcecode.swift; path = DemoTests.swift; sourceTree = "<group>"; };
		B52CE2291E3756BA00EC68E5 /* Info.plist */ = {isa = PBXFileReference; lastKnownFileType = text.plist.xml; path = Info.plist; sourceTree = "<group>"; };
		B52CE22E1E3756BA00EC68E5 /* DemoUITests.xctest */ = {isa = PBXFileReference; explicitFileType = wrapper.cfbundle; includeInIndex = 0; path = DemoUITests.xctest; sourceTree = BUILT_PRODUCTS_DIR; };
		B52CE2321E3756BA00EC68E5 /* DemoUITests.swift */ = {isa = PBXFileReference; lastKnownFileType = sourcecode.swift; path = DemoUITests.swift; sourceTree = "<group>"; };
		B52CE2341E3756BA00EC68E5 /* Info.plist */ = {isa = PBXFileReference; lastKnownFileType = text.plist.xml; path = Info.plist; sourceTree = "<group>"; };
		B52CE2401E49C66C00EC68E5 /* StructTest.swift */ = {isa = PBXFileReference; fileEncoding = 4; lastKnownFileType = sourcecode.swift; path = StructTest.swift; sourceTree = "<group>"; };
		B5326A101E76C5A500B57076 /* Demo.entitlements */ = {isa = PBXFileReference; lastKnownFileType = text.plist.entitlements; path = Demo.entitlements; sourceTree = "<group>"; };
		B58540211E76D24A00C7A698 /* ICloudService.swift */ = {isa = PBXFileReference; fileEncoding = 4; lastKnownFileType = sourcecode.swift; path = ICloudService.swift; sourceTree = "<group>"; };
/* End PBXFileReference section */

/* Begin PBXFrameworksBuildPhase section */
		B52CE20C1E3756B900EC68E5 /* Frameworks */ = {
			isa = PBXFrameworksBuildPhase;
			buildActionMask = 2147483647;
			files = (
				4297F6041EABC412004204CD /* Realm.framework in Frameworks */,
				4297F6061EABC412004204CD /* RealmSwift.framework in Frameworks */,
			);
			runOnlyForDeploymentPostprocessing = 0;
		};
		B52CE2201E3756BA00EC68E5 /* Frameworks */ = {
			isa = PBXFrameworksBuildPhase;
			buildActionMask = 2147483647;
			files = (
			);
			runOnlyForDeploymentPostprocessing = 0;
		};
		B52CE22B1E3756BA00EC68E5 /* Frameworks */ = {
			isa = PBXFrameworksBuildPhase;
			buildActionMask = 2147483647;
			files = (
			);
			runOnlyForDeploymentPostprocessing = 0;
		};
/* End PBXFrameworksBuildPhase section */

/* Begin PBXGroup section */
		4297F5F11EABC358004204CD /* Services */ = {
			isa = PBXGroup;
			children = (
				4297F5F41EABC37D004204CD /* RealmServices.swift */,
				4297F5F51EABC37D004204CD /* ExportServices.swift */,
				4297F5F61EABC37D004204CD /* FileServices.swift */,
			);
			name = Services;
			sourceTree = "<group>";
		};
		4297F5F21EABC361004204CD /* Entities */ = {
			isa = PBXGroup;
			children = (
				4297F5F31EABC37D004204CD /* BusinessService.swift */,
				4297F5FB1EABC386004204CD /* Person.swift */,
				4297F5FC1EABC386004204CD /* Attribute.swift */,
			);
			name = Entities;
			sourceTree = "<group>";
		};
		B51EFB801E65660A00C3CC90 /* JSON files */ = {
			isa = PBXGroup;
			children = (
				B51EFB811E65673200C3CC90 /* testFile.json */,
				B51EFB831E6569A800C3CC90 /* exampleJSON1.json */,
			);
			name = "JSON files";
			sourceTree = "<group>";
		};
		B51EFB851E6586E000C3CC90 /* Utils */ = {
			isa = PBXGroup;
			children = (
				B51EFB861E65874600C3CC90 /* JSONUtils.swift */,
				42AD2D2C1EABE8F200F2C00A /* DateUtils.swift */,
			);
			name = Utils;
			sourceTree = "<group>";
		};
		B52CE2061E3756B900EC68E5 = {
			isa = PBXGroup;
			children = (
				4297F6001EABC405004204CD /* Realm.framework */,
				4297F6011EABC405004204CD /* RealmSwift.framework */,
				4297F5F21EABC361004204CD /* Entities */,
				4297F5F11EABC358004204CD /* Services */,
				B51EFB851E6586E000C3CC90 /* Utils */,
				B51EFB801E65660A00C3CC90 /* JSON files */,
				B52CE2111E3756B900EC68E5 /* Demo */,
				B52CE2261E3756BA00EC68E5 /* DemoTests */,
				B52CE2311E3756BA00EC68E5 /* DemoUITests */,
				B52CE2101E3756B900EC68E5 /* Products */,
				B5BC81B41E66C2F4006AF92F /* Frameworks */,
			);
			sourceTree = "<group>";
		};
		B52CE2101E3756B900EC68E5 /* Products */ = {
			isa = PBXGroup;
			children = (
				B52CE20F1E3756B900EC68E5 /* Demo.app */,
				B52CE2231E3756BA00EC68E5 /* DemoTests.xctest */,
				B52CE22E1E3756BA00EC68E5 /* DemoUITests.xctest */,
			);
			name = Products;
			sourceTree = "<group>";
		};
		B52CE2111E3756B900EC68E5 /* Demo */ = {
			isa = PBXGroup;
			children = (
				906274881EAE3A7100E09E57 /* AccueilViewController.swift */,
				906274891EAE3A7100E09E57 /* AccueilViewController.xib */,
				9062748A1EAE3A7100E09E57 /* AideViewController.swift */,
				9062748B1EAE3A7100E09E57 /* AideViewController.xib */,
				42B57DC11EB0ADF0009EB0F1 /* ResultatViewController.swift */,
				42B57DC21EB0ADF0009EB0F1 /* ResultatViewController.xib */,
				906274821EAE3A6900E09E57 /* SetupViewController.swift */,
				906274831EAE3A6900E09E57 /* SetupViewController.xib */,
				B5326A101E76C5A500B57076 /* Demo.entitlements */,
				B52CE2121E3756B900EC68E5 /* AppDelegate.swift */,
				B52CE2141E3756B900EC68E5 /* ViewController.swift */,
				B52CE2161E3756B900EC68E5 /* Main.storyboard */,
				B52CE2191E3756B900EC68E5 /* Assets.xcassets */,
				B52CE21B1E3756B900EC68E5 /* LaunchScreen.storyboard */,
				B52CE2401E49C66C00EC68E5 /* StructTest.swift */,
				B52CE21E1E3756B900EC68E5 /* Info.plist */,
				B58540211E76D24A00C7A698 /* ICloudService.swift */,
				42AFEF1D1E7EA003001587DA /* JsonModel.swift */,
				42AFEF231E87FA65001587DA /* JsonModel_fields.swift */,
				42AFEF251E880004001587DA /* JsonModel_features.swift */,
				42AFEF1F1E87C617001587DA /* JsonModel_params.swift */,
				42AFEF211E87F7FD001587DA /* JsonModel_offers.swift */,
				422150021E9274510011C565 /* PersonTest.swift */,
				42B57DC51EB0AFDB009EB0F1 /* CustomCell.swift */,
				42B57DC61EB0AFDB009EB0F1 /* CustomCell.xib */,
			);
			path = Demo;
			sourceTree = "<group>";
		};
		B52CE2261E3756BA00EC68E5 /* DemoTests */ = {
			isa = PBXGroup;
			children = (
				B52CE2271E3756BA00EC68E5 /* DemoTests.swift */,
				B52CE2291E3756BA00EC68E5 /* Info.plist */,
				42214FFE1E88158F0011C565 /* JsonModelTest.swift */,
			);
			path = DemoTests;
			sourceTree = "<group>";
		};
		B52CE2311E3756BA00EC68E5 /* DemoUITests */ = {
			isa = PBXGroup;
			children = (
				B52CE2321E3756BA00EC68E5 /* DemoUITests.swift */,
				B52CE2341E3756BA00EC68E5 /* Info.plist */,
			);
			path = DemoUITests;
			sourceTree = "<group>";
		};
		B5BC81B41E66C2F4006AF92F /* Frameworks */ = {
			isa = PBXGroup;
			children = (
			);
			name = Frameworks;
			sourceTree = "<group>";
		};
/* End PBXGroup section */

/* Begin PBXNativeTarget section */
		B52CE20E1E3756B900EC68E5 /* Demo */ = {
			isa = PBXNativeTarget;
			buildConfigurationList = B52CE2371E3756BA00EC68E5 /* Build configuration list for PBXNativeTarget "Demo" */;
			buildPhases = (
				B52CE20B1E3756B900EC68E5 /* Sources */,
				B52CE20C1E3756B900EC68E5 /* Frameworks */,
				B52CE20D1E3756B900EC68E5 /* Resources */,
				B5BC80E81E65F35A006AF92F /* Embed Frameworks */,
				4297F5FF1EABC3C2004204CD /* ShellScript */,
			);
			buildRules = (
			);
			dependencies = (
			);
			name = Demo;
			productName = Demo;
			productReference = B52CE20F1E3756B900EC68E5 /* Demo.app */;
			productType = "com.apple.product-type.application";
		};
		B52CE2221E3756BA00EC68E5 /* DemoTests */ = {
			isa = PBXNativeTarget;
			buildConfigurationList = B52CE23A1E3756BA00EC68E5 /* Build configuration list for PBXNativeTarget "DemoTests" */;
			buildPhases = (
				B52CE21F1E3756BA00EC68E5 /* Sources */,
				B52CE2201E3756BA00EC68E5 /* Frameworks */,
				B52CE2211E3756BA00EC68E5 /* Resources */,
			);
			buildRules = (
			);
			dependencies = (
				B52CE2251E3756BA00EC68E5 /* PBXTargetDependency */,
			);
			name = DemoTests;
			productName = DemoTests;
			productReference = B52CE2231E3756BA00EC68E5 /* DemoTests.xctest */;
			productType = "com.apple.product-type.bundle.unit-test";
		};
		B52CE22D1E3756BA00EC68E5 /* DemoUITests */ = {
			isa = PBXNativeTarget;
			buildConfigurationList = B52CE23D1E3756BA00EC68E5 /* Build configuration list for PBXNativeTarget "DemoUITests" */;
			buildPhases = (
				B52CE22A1E3756BA00EC68E5 /* Sources */,
				B52CE22B1E3756BA00EC68E5 /* Frameworks */,
				B52CE22C1E3756BA00EC68E5 /* Resources */,
			);
			buildRules = (
			);
			dependencies = (
				B52CE2301E3756BA00EC68E5 /* PBXTargetDependency */,
			);
			name = DemoUITests;
			productName = DemoUITests;
			productReference = B52CE22E1E3756BA00EC68E5 /* DemoUITests.xctest */;
			productType = "com.apple.product-type.bundle.ui-testing";
		};
/* End PBXNativeTarget section */

/* Begin PBXProject section */
		B52CE2071E3756B900EC68E5 /* Project object */ = {
			isa = PBXProject;
			attributes = {
				LastSwiftUpdateCheck = 0820;
				LastUpgradeCheck = 0820;
				ORGANIZATIONNAME = UVHC;
				TargetAttributes = {
					B52CE20E1E3756B900EC68E5 = {
						CreatedOnToolsVersion = 8.2.1;
						DevelopmentTeam = K3K2528V5W;
						ProvisioningStyle = Automatic;
						SystemCapabilities = {
							com.apple.iCloud = {
								enabled = 1;
							};
						};
					};
					B52CE2221E3756BA00EC68E5 = {
						CreatedOnToolsVersion = 8.2.1;
						DevelopmentTeam = D56DN689SK;
						ProvisioningStyle = Automatic;
						TestTargetID = B52CE20E1E3756B900EC68E5;
					};
					B52CE22D1E3756BA00EC68E5 = {
						CreatedOnToolsVersion = 8.2.1;
						DevelopmentTeam = D56DN689SK;
						ProvisioningStyle = Automatic;
						TestTargetID = B52CE20E1E3756B900EC68E5;
					};
				};
			};
			buildConfigurationList = B52CE20A1E3756B900EC68E5 /* Build configuration list for PBXProject "Demo" */;
			compatibilityVersion = "Xcode 3.2";
			developmentRegion = English;
			hasScannedForEncodings = 0;
			knownRegions = (
				en,
				Base,
			);
			mainGroup = B52CE2061E3756B900EC68E5;
			productRefGroup = B52CE2101E3756B900EC68E5 /* Products */;
			projectDirPath = "";
			projectRoot = "";
			targets = (
				B52CE20E1E3756B900EC68E5 /* Demo */,
				B52CE2221E3756BA00EC68E5 /* DemoTests */,
				B52CE22D1E3756BA00EC68E5 /* DemoUITests */,
			);
		};
/* End PBXProject section */

/* Begin PBXResourcesBuildPhase section */
		B52CE20D1E3756B900EC68E5 /* Resources */ = {
			isa = PBXResourcesBuildPhase;
			buildActionMask = 2147483647;
			files = (
				B52CE21D1E3756B900EC68E5 /* LaunchScreen.storyboard in Resources */,
				B51EFB841E6569A800C3CC90 /* exampleJSON1.json in Resources */,
				B51EFB821E65673200C3CC90 /* testFile.json in Resources */,
				B52CE21A1E3756B900EC68E5 /* Assets.xcassets in Resources */,
				906274871EAE3A6900E09E57 /* SetupViewController.xib in Resources */,
				42B57DC41EB0ADF0009EB0F1 /* ResultatViewController.xib in Resources */,
				42B57DC81EB0AFDB009EB0F1 /* CustomCell.xib in Resources */,
				9062748F1EAE3A7100E09E57 /* AideViewController.xib in Resources */,
				B52CE2181E3756B900EC68E5 /* Main.storyboard in Resources */,
				9062748D1EAE3A7100E09E57 /* AccueilViewController.xib in Resources */,
			);
			runOnlyForDeploymentPostprocessing = 0;
		};
		B52CE2211E3756BA00EC68E5 /* Resources */ = {
			isa = PBXResourcesBuildPhase;
			buildActionMask = 2147483647;
			files = (
			);
			runOnlyForDeploymentPostprocessing = 0;
		};
		B52CE22C1E3756BA00EC68E5 /* Resources */ = {
			isa = PBXResourcesBuildPhase;
			buildActionMask = 2147483647;
			files = (
			);
			runOnlyForDeploymentPostprocessing = 0;
		};
/* End PBXResourcesBuildPhase section */

/* Begin PBXShellScriptBuildPhase section */
		4297F5FF1EABC3C2004204CD /* ShellScript */ = {
			isa = PBXShellScriptBuildPhase;
			buildActionMask = 2147483647;
			files = (
			);
			inputPaths = (
			);
			outputPaths = (
			);
			runOnlyForDeploymentPostprocessing = 0;
			shellPath = /bin/sh;
			shellScript = "bash \"${BUILT_PRODUCTS_DIR}/${FRAMEWORKS_FOLDER_PATH}/Realm.framework/strip-frameworks.sh\"";
		};
/* End PBXShellScriptBuildPhase section */

/* Begin PBXSourcesBuildPhase section */
		B52CE20B1E3756B900EC68E5 /* Sources */ = {
			isa = PBXSourcesBuildPhase;
			buildActionMask = 2147483647;
			files = (
				42AFEF221E87F7FD001587DA /* JsonModel_offers.swift in Sources */,
				4297F5F71EABC37D004204CD /* BusinessService.swift in Sources */,
				4297F5FA1EABC37D004204CD /* FileServices.swift in Sources */,
				42AFEF241E87FA65001587DA /* JsonModel_fields.swift in Sources */,
				9062748E1EAE3A7100E09E57 /* AideViewController.swift in Sources */,
				4297F5F91EABC37D004204CD /* ExportServices.swift in Sources */,
				906274861EAE3A6900E09E57 /* SetupViewController.swift in Sources */,
				B58540221E76D24A00C7A698 /* ICloudService.swift in Sources */,
				4297F5F81EABC37D004204CD /* RealmServices.swift in Sources */,
				B52CE2151E3756B900EC68E5 /* ViewController.swift in Sources */,
				422150031E9274510011C565 /* PersonTest.swift in Sources */,
				42AFEF261E880004001587DA /* JsonModel_features.swift in Sources */,
				42B57DC31EB0ADF0009EB0F1 /* ResultatViewController.swift in Sources */,
				9062748C1EAE3A7100E09E57 /* AccueilViewController.swift in Sources */,
				42B57DC71EB0AFDB009EB0F1 /* CustomCell.swift in Sources */,
				B51EFB871E65874600C3CC90 /* JSONUtils.swift in Sources */,
				42AFEF1E1E7EA003001587DA /* JsonModel.swift in Sources */,
				42AFEF201E87C617001587DA /* JsonModel_params.swift in Sources */,
				42AD2D2D1EABE8F200F2C00A /* DateUtils.swift in Sources */,
				B52CE2131E3756B900EC68E5 /* AppDelegate.swift in Sources */,
				4297F5FD1EABC386004204CD /* Person.swift in Sources */,
				4297F5FE1EABC386004204CD /* Attribute.swift in Sources */,
				B52CE2411E49C66C00EC68E5 /* StructTest.swift in Sources */,
			);
			runOnlyForDeploymentPostprocessing = 0;
		};
		B52CE21F1E3756BA00EC68E5 /* Sources */ = {
			isa = PBXSourcesBuildPhase;
			buildActionMask = 2147483647;
			files = (
				B52CE2281E3756BA00EC68E5 /* DemoTests.swift in Sources */,
				42214FFF1E88158F0011C565 /* JsonModelTest.swift in Sources */,
			);
			runOnlyForDeploymentPostprocessing = 0;
		};
		B52CE22A1E3756BA00EC68E5 /* Sources */ = {
			isa = PBXSourcesBuildPhase;
			buildActionMask = 2147483647;
			files = (
				B52CE2331E3756BA00EC68E5 /* DemoUITests.swift in Sources */,
			);
			runOnlyForDeploymentPostprocessing = 0;
		};
/* End PBXSourcesBuildPhase section */

/* Begin PBXTargetDependency section */
		B52CE2251E3756BA00EC68E5 /* PBXTargetDependency */ = {
			isa = PBXTargetDependency;
			target = B52CE20E1E3756B900EC68E5 /* Demo */;
			targetProxy = B52CE2241E3756BA00EC68E5 /* PBXContainerItemProxy */;
		};
		B52CE2301E3756BA00EC68E5 /* PBXTargetDependency */ = {
			isa = PBXTargetDependency;
			target = B52CE20E1E3756B900EC68E5 /* Demo */;
			targetProxy = B52CE22F1E3756BA00EC68E5 /* PBXContainerItemProxy */;
		};
/* End PBXTargetDependency section */

/* Begin PBXVariantGroup section */
		B52CE2161E3756B900EC68E5 /* Main.storyboard */ = {
			isa = PBXVariantGroup;
			children = (
				B52CE2171E3756B900EC68E5 /* Base */,
			);
			name = Main.storyboard;
			sourceTree = "<group>";
		};
		B52CE21B1E3756B900EC68E5 /* LaunchScreen.storyboard */ = {
			isa = PBXVariantGroup;
			children = (
				B52CE21C1E3756B900EC68E5 /* Base */,
			);
			name = LaunchScreen.storyboard;
			sourceTree = "<group>";
		};
/* End PBXVariantGroup section */

/* Begin XCBuildConfiguration section */
		B52CE2351E3756BA00EC68E5 /* Debug */ = {
			isa = XCBuildConfiguration;
			buildSettings = {
				ALWAYS_SEARCH_USER_PATHS = NO;
				CLANG_ANALYZER_NONNULL = YES;
				CLANG_CXX_LANGUAGE_STANDARD = "gnu++0x";
				CLANG_CXX_LIBRARY = "libc++";
				CLANG_ENABLE_MODULES = YES;
				CLANG_ENABLE_OBJC_ARC = YES;
				CLANG_WARN_BOOL_CONVERSION = YES;
				CLANG_WARN_CONSTANT_CONVERSION = YES;
				CLANG_WARN_DIRECT_OBJC_ISA_USAGE = YES_ERROR;
				CLANG_WARN_DOCUMENTATION_COMMENTS = YES;
				CLANG_WARN_EMPTY_BODY = YES;
				CLANG_WARN_ENUM_CONVERSION = YES;
				CLANG_WARN_INFINITE_RECURSION = YES;
				CLANG_WARN_INT_CONVERSION = YES;
				CLANG_WARN_OBJC_ROOT_CLASS = YES_ERROR;
				CLANG_WARN_SUSPICIOUS_MOVE = YES;
				CLANG_WARN_UNREACHABLE_CODE = YES;
				CLANG_WARN__DUPLICATE_METHOD_MATCH = YES;
				"CODE_SIGN_IDENTITY[sdk=iphoneos*]" = "iPhone Developer";
				COPY_PHASE_STRIP = NO;
				DEBUG_INFORMATION_FORMAT = dwarf;
				ENABLE_STRICT_OBJC_MSGSEND = YES;
				ENABLE_TESTABILITY = YES;
				GCC_C_LANGUAGE_STANDARD = gnu99;
				GCC_DYNAMIC_NO_PIC = NO;
				GCC_NO_COMMON_BLOCKS = YES;
				GCC_OPTIMIZATION_LEVEL = 0;
				GCC_PREPROCESSOR_DEFINITIONS = (
					"DEBUG=1",
					"$(inherited)",
				);
				GCC_WARN_64_TO_32_BIT_CONVERSION = YES;
				GCC_WARN_ABOUT_RETURN_TYPE = YES_ERROR;
				GCC_WARN_UNDECLARED_SELECTOR = YES;
				GCC_WARN_UNINITIALIZED_AUTOS = YES_AGGRESSIVE;
				GCC_WARN_UNUSED_FUNCTION = YES;
				GCC_WARN_UNUSED_VARIABLE = YES;
				IPHONEOS_DEPLOYMENT_TARGET = 10.2;
				MTL_ENABLE_DEBUG_INFO = YES;
				ONLY_ACTIVE_ARCH = YES;
				SDKROOT = iphoneos;
				SWIFT_ACTIVE_COMPILATION_CONDITIONS = DEBUG;
				SWIFT_OPTIMIZATION_LEVEL = "-Onone";
			};
			name = Debug;
		};
		B52CE2361E3756BA00EC68E5 /* Release */ = {
			isa = XCBuildConfiguration;
			buildSettings = {
				ALWAYS_SEARCH_USER_PATHS = NO;
				CLANG_ANALYZER_NONNULL = YES;
				CLANG_CXX_LANGUAGE_STANDARD = "gnu++0x";
				CLANG_CXX_LIBRARY = "libc++";
				CLANG_ENABLE_MODULES = YES;
				CLANG_ENABLE_OBJC_ARC = YES;
				CLANG_WARN_BOOL_CONVERSION = YES;
				CLANG_WARN_CONSTANT_CONVERSION = YES;
				CLANG_WARN_DIRECT_OBJC_ISA_USAGE = YES_ERROR;
				CLANG_WARN_DOCUMENTATION_COMMENTS = YES;
				CLANG_WARN_EMPTY_BODY = YES;
				CLANG_WARN_ENUM_CONVERSION = YES;
				CLANG_WARN_INFINITE_RECURSION = YES;
				CLANG_WARN_INT_CONVERSION = YES;
				CLANG_WARN_OBJC_ROOT_CLASS = YES_ERROR;
				CLANG_WARN_SUSPICIOUS_MOVE = YES;
				CLANG_WARN_UNREACHABLE_CODE = YES;
				CLANG_WARN__DUPLICATE_METHOD_MATCH = YES;
				"CODE_SIGN_IDENTITY[sdk=iphoneos*]" = "iPhone Developer";
				COPY_PHASE_STRIP = NO;
				DEBUG_INFORMATION_FORMAT = "dwarf-with-dsym";
				ENABLE_NS_ASSERTIONS = NO;
				ENABLE_STRICT_OBJC_MSGSEND = YES;
				GCC_C_LANGUAGE_STANDARD = gnu99;
				GCC_NO_COMMON_BLOCKS = YES;
				GCC_WARN_64_TO_32_BIT_CONVERSION = YES;
				GCC_WARN_ABOUT_RETURN_TYPE = YES_ERROR;
				GCC_WARN_UNDECLARED_SELECTOR = YES;
				GCC_WARN_UNINITIALIZED_AUTOS = YES_AGGRESSIVE;
				GCC_WARN_UNUSED_FUNCTION = YES;
				GCC_WARN_UNUSED_VARIABLE = YES;
				IPHONEOS_DEPLOYMENT_TARGET = 10.2;
				MTL_ENABLE_DEBUG_INFO = NO;
				SDKROOT = iphoneos;
				SWIFT_OPTIMIZATION_LEVEL = "-Owholemodule";
				VALIDATE_PRODUCT = YES;
			};
			name = Release;
		};
		B52CE2381E3756BA00EC68E5 /* Debug */ = {
			isa = XCBuildConfiguration;
			buildSettings = {
				ALWAYS_EMBED_SWIFT_STANDARD_LIBRARIES = YES;
				ASSETCATALOG_COMPILER_APPICON_NAME = AppIcon;
				CODE_SIGN_ENTITLEMENTS = Demo/Demo.entitlements;
				"CODE_SIGN_IDENTITY[sdk=iphoneos*]" = "iPhone Developer";
				DEVELOPMENT_TEAM = "";
				FRAMEWORK_SEARCH_PATHS = (
					"$(inherited)",
					RealmSwift.framework,
					"$(PROJECT_DIR)",
				);
				INFOPLIST_FILE = Demo/Info.plist;
				LD_RUNPATH_SEARCH_PATHS = "$(inherited) @executable_path/Frameworks";
				PRODUCT_BUNDLE_IDENTIFIER = demoFA;
				PRODUCT_NAME = "$(TARGET_NAME)";
				PROVISIONING_PROFILE = "";
				PROVISIONING_PROFILE_SPECIFIER = "";
				SWIFT_VERSION = 3.0;
			};
			name = Debug;
		};
		B52CE2391E3756BA00EC68E5 /* Release */ = {
			isa = XCBuildConfiguration;
			buildSettings = {
				ALWAYS_EMBED_SWIFT_STANDARD_LIBRARIES = YES;
				ASSETCATALOG_COMPILER_APPICON_NAME = AppIcon;
				CODE_SIGN_ENTITLEMENTS = Demo/Demo.entitlements;
				"CODE_SIGN_IDENTITY[sdk=iphoneos*]" = "iPhone Developer";
				DEVELOPMENT_TEAM = "";
				FRAMEWORK_SEARCH_PATHS = (
					"$(inherited)",
					RealmSwift.framework,
					"$(PROJECT_DIR)",
				);
				INFOPLIST_FILE = Demo/Info.plist;
				LD_RUNPATH_SEARCH_PATHS = "$(inherited) @executable_path/Frameworks";
				PRODUCT_BUNDLE_IDENTIFIER = demoFA;
				PRODUCT_NAME = "$(TARGET_NAME)";
				PROVISIONING_PROFILE = "";
				PROVISIONING_PROFILE_SPECIFIER = "";
				SWIFT_VERSION = 3.0;
			};
			name = Release;
		};
		B52CE23B1E3756BA00EC68E5 /* Debug */ = {
			isa = XCBuildConfiguration;
			buildSettings = {
				ALWAYS_EMBED_SWIFT_STANDARD_LIBRARIES = YES;
				BUNDLE_LOADER = "$(TEST_HOST)";
				DEVELOPMENT_TEAM = D56DN689SK;
				INFOPLIST_FILE = DemoTests/Info.plist;
				LD_RUNPATH_SEARCH_PATHS = "$(inherited) @executable_path/Frameworks @loader_path/Frameworks";
				PRODUCT_BUNDLE_IDENTIFIER = com.example.DemoTests;
				PRODUCT_NAME = "$(TARGET_NAME)";
				SWIFT_VERSION = 3.0;
				TEST_HOST = "$(BUILT_PRODUCTS_DIR)/Demo.app/Demo";
			};
			name = Debug;
		};
		B52CE23C1E3756BA00EC68E5 /* Release */ = {
			isa = XCBuildConfiguration;
			buildSettings = {
				ALWAYS_EMBED_SWIFT_STANDARD_LIBRARIES = YES;
				BUNDLE_LOADER = "$(TEST_HOST)";
				DEVELOPMENT_TEAM = D56DN689SK;
				INFOPLIST_FILE = DemoTests/Info.plist;
				LD_RUNPATH_SEARCH_PATHS = "$(inherited) @executable_path/Frameworks @loader_path/Frameworks";
				PRODUCT_BUNDLE_IDENTIFIER = com.example.DemoTests;
				PRODUCT_NAME = "$(TARGET_NAME)";
				SWIFT_VERSION = 3.0;
				TEST_HOST = "$(BUILT_PRODUCTS_DIR)/Demo.app/Demo";
			};
			name = Release;
		};
		B52CE23E1E3756BA00EC68E5 /* Debug */ = {
			isa = XCBuildConfiguration;
			buildSettings = {
				ALWAYS_EMBED_SWIFT_STANDARD_LIBRARIES = YES;
				DEVELOPMENT_TEAM = D56DN689SK;
				INFOPLIST_FILE = DemoUITests/Info.plist;
				LD_RUNPATH_SEARCH_PATHS = "$(inherited) @executable_path/Frameworks @loader_path/Frameworks";
				PRODUCT_BUNDLE_IDENTIFIER = com.example.DemoUITests;
				PRODUCT_NAME = "$(TARGET_NAME)";
				SWIFT_VERSION = 3.0;
				TEST_TARGET_NAME = Demo;
			};
			name = Debug;
		};
		B52CE23F1E3756BA00EC68E5 /* Release */ = {
			isa = XCBuildConfiguration;
			buildSettings = {
				ALWAYS_EMBED_SWIFT_STANDARD_LIBRARIES = YES;
				DEVELOPMENT_TEAM = D56DN689SK;
				INFOPLIST_FILE = DemoUITests/Info.plist;
				LD_RUNPATH_SEARCH_PATHS = "$(inherited) @executable_path/Frameworks @loader_path/Frameworks";
				PRODUCT_BUNDLE_IDENTIFIER = com.example.DemoUITests;
				PRODUCT_NAME = "$(TARGET_NAME)";
				SWIFT_VERSION = 3.0;
				TEST_TARGET_NAME = Demo;
			};
			name = Release;
		};
/* End XCBuildConfiguration section */

/* Begin XCConfigurationList section */
		B52CE20A1E3756B900EC68E5 /* Build configuration list for PBXProject "Demo" */ = {
			isa = XCConfigurationList;
			buildConfigurations = (
				B52CE2351E3756BA00EC68E5 /* Debug */,
				B52CE2361E3756BA00EC68E5 /* Release */,
			);
			defaultConfigurationIsVisible = 0;
			defaultConfigurationName = Release;
		};
		B52CE2371E3756BA00EC68E5 /* Build configuration list for PBXNativeTarget "Demo" */ = {
			isa = XCConfigurationList;
			buildConfigurations = (
				B52CE2381E3756BA00EC68E5 /* Debug */,
				B52CE2391E3756BA00EC68E5 /* Release */,
			);
			defaultConfigurationIsVisible = 0;
			defaultConfigurationName = Release;
		};
		B52CE23A1E3756BA00EC68E5 /* Build configuration list for PBXNativeTarget "DemoTests" */ = {
			isa = XCConfigurationList;
			buildConfigurations = (
				B52CE23B1E3756BA00EC68E5 /* Debug */,
				B52CE23C1E3756BA00EC68E5 /* Release */,
			);
			defaultConfigurationIsVisible = 0;
			defaultConfigurationName = Release;
		};
		B52CE23D1E3756BA00EC68E5 /* Build configuration list for PBXNativeTarget "DemoUITests" */ = {
			isa = XCConfigurationList;
			buildConfigurations = (
				B52CE23E1E3756BA00EC68E5 /* Debug */,
				B52CE23F1E3756BA00EC68E5 /* Release */,
			);
			defaultConfigurationIsVisible = 0;
			defaultConfigurationName = Release;
		};
/* End XCConfigurationList section */
	};
	rootObject = B52CE2071E3756B900EC68E5 /* Project object */;
}
